// !$*UTF8*$!
{
	archiveVersion = 1;
	classes = {
	};
	objectVersion = 46;
	objects = {

/* Begin PBXFileReference section */
		4F4275AD1CB4ED2600BC509A /* OkaSync.rb */ = {isa = PBXFileReference; lastKnownFileType = text.script.ruby; path = OkaSync.rb; sourceTree = "<group>"; usesTabs = 1; };
		4F4275AF1CB4ED8F00BC509A /* initialize.rb */ = {isa = PBXFileReference; lastKnownFileType = text.script.ruby; name = initialize.rb; path = include/initialize.rb; sourceTree = "<group>"; };
		4F4275B01CB5077500BC509A /* fileIO.rb */ = {isa = PBXFileReference; lastKnownFileType = text.script.ruby; name = fileIO.rb; path = include/fileIO.rb; sourceTree = "<group>"; };
		4F47F73D1CC5524700C334C9 /* .gitignore */ = {isa = PBXFileReference; lastKnownFileType = text; path = .gitignore; sourceTree = "<group>"; };
		4F47F73E1CC5539D00C334C9 /* listdir.rb */ = {isa = PBXFileReference; lastKnownFileType = text.script.ruby; name = listdir.rb; path = include/listdir.rb; sourceTree = "<group>"; };
		4FA2B5A61CBE8D4B0014EEA6 /* synchronize.rb */ = {isa = PBXFileReference; lastKnownFileType = text.script.ruby; name = synchronize.rb; path = include/synchronize.rb; sourceTree = "<group>"; };
		4FA2B5A71CBE99D80014EEA6 /* README.md */ = {isa = PBXFileReference; lastKnownFileType = net.daringfireball.markdown; path = README.md; sourceTree = "<group>"; };
/* End PBXFileReference section */

/* Begin PBXGroup section */
		4F4275A61CB4ECFA00BC509A = {
			isa = PBXGroup;
			children = (
				4F47F73E1CC5539D00C334C9 /* listdir.rb */,
				4F47F73D1CC5524700C334C9 /* .gitignore */,
				4FA2B5A71CBE99D80014EEA6 /* README.md */,
				4FA2B5A61CBE8D4B0014EEA6 /* synchronize.rb */,
				4F4275AF1CB4ED8F00BC509A /* initialize.rb */,
				4F4275B01CB5077500BC509A /* fileIO.rb */,
				4F4275AD1CB4ED2600BC509A /* OkaSync.rb */,
			);
			sourceTree = "<group>";
		};
/* End PBXGroup section */

/* Begin PBXProject section */
		4F4275A71CB4ECFA00BC509A /* Project object */ = {
			isa = PBXProject;
			attributes = {
				LastUpgradeCheck = 0700;
			};
			buildConfigurationList = 4F4275AA1CB4ECFA00BC509A /* Build configuration list for PBXProject "OkaSync" */;
			compatibilityVersion = "Xcode 3.2";
			developmentRegion = English;
			hasScannedForEncodings = 0;
			knownRegions = (
				en,
			);
			mainGroup = 4F4275A61CB4ECFA00BC509A;
			projectDirPath = "";
			projectRoot = "";
			targets = (
			);
		};
/* End PBXProject section */

/* Begin XCBuildConfiguration section */
		4F4275AB1CB4ECFA00BC509A /* Debug */ = {
			isa = XCBuildConfiguration;
			buildSettings = {
			};
			name = Debug;
		};
		4F4275AC1CB4ECFA00BC509A /* Release */ = {
			isa = XCBuildConfiguration;
			buildSettings = {
			};
			name = Release;
		};
/* End XCBuildConfiguration section */

/* Begin XCConfigurationList section */
		4F4275AA1CB4ECFA00BC509A /* Build configuration list for PBXProject "OkaSync" */ = {
			isa = XCConfigurationList;
			buildConfigurations = (
				4F4275AB1CB4ECFA00BC509A /* Debug */,
				4F4275AC1CB4ECFA00BC509A /* Release */,
			);
			defaultConfigurationIsVisible = 0;
			defaultConfigurationName = Release;
		};
/* End XCConfigurationList section */
	};
	rootObject = 4F4275A71CB4ECFA00BC509A /* Project object */;
}
