// !$*UTF8*$!
{
	archiveVersion = 1;
	classes = {
	};
	objectVersion = 46;
	objects = {

/* Begin PBXGroup section */
		4F4275A61CB4ECFA00BC509A = {
			isa = PBXGroup;
			children = (
			);
			sourceTree = "<group>";
		};
/* End PBXGroup section */

/* Begin PBXProject section */
		4F4275A71CB4ECFA00BC509A /* Project object */ = {
			isa = PBXProject;
			attributes = {
				LastUpgradeCheck = 0700;
			};
			buildConfigurationList = 4F4275AA1CB4ECFA00BC509A /* Build configuration list for PBXProject "OkaSync" */;
			compatibilityVersion = "Xcode 3.2";
			developmentRegion = English;
			hasScannedForEncodings = 0;
			knownRegions = (
				en,
			);
			mainGroup = 4F4275A61CB4ECFA00BC509A;
			projectDirPath = "";
			projectRoot = "";
			targets = (
			);
		};
/* End PBXProject section */

/* Begin XCBuildConfiguration section */
		4F4275AB1CB4ECFA00BC509A /* Debug */ = {
			isa = XCBuildConfiguration;
			buildSettings = {
			};
			name = Debug;
		};
		4F4275AC1CB4ECFA00BC509A /* Release */ = {
			isa = XCBuildConfiguration;
			buildSettings = {
			};
			name = Release;
		};
/* End XCBuildConfiguration section */

/* Begin XCConfigurationList section */
		4F4275AA1CB4ECFA00BC509A /* Build configuration list for PBXProject "OkaSync" */ = {
			isa = XCConfigurationList;
			buildConfigurations = (
				4F4275AB1CB4ECFA00BC509A /* Debug */,
				4F4275AC1CB4ECFA00BC509A /* Release */,
			);
			defaultConfigurationIsVisible = 0;
			defaultConfigurationName = Release;
		};
/* End XCConfigurationList section */
	};
	rootObject = 4F4275A71CB4ECFA00BC509A /* Project object */;
}
